<?xml version="1.0" encoding="utf-8"?>
<Project ToolsVersion="4.0" xmlns="http://schemas.microsoft.com/developer/msbuild/2003">
  <ItemGroup>
    <Filter Include="Header">
      <UniqueIdentifier>{3dfe53db-1762-4cde-8f39-3bc9fab51a1e}</UniqueIdentifier>
    </Filter>
    <Filter Include="Source">
      <UniqueIdentifier>{4c919c61-3736-44ab-a6e6-0b89595c22e1}</UniqueIdentifier>
    </Filter>
    <Filter Include="Header\IO">
      <UniqueIdentifier>{f190bdfb-cb82-43a7-a0dd-64bb24341aec}</UniqueIdentifier>
    </Filter>
    <Filter Include="Source\IO">
      <UniqueIdentifier>{89589912-1a58-491b-8fe1-cf5372df7183}</UniqueIdentifier>
    </Filter>
  </ItemGroup>
  <ItemGroup>
    <ClInclude Include="header\HardCodeParam.h">
      <Filter>Header</Filter>
    </ClInclude>
    <ClInclude Include="header\Defines.h">
      <Filter>Header</Filter>
    </ClInclude>
    <ClInclude Include="header\Exception.h">
      <Filter>Header\IO</Filter>
    </ClInclude>
    <ClInclude Include="header\Input.h">
      <Filter>Header\IO</Filter>
    </ClInclude>
    <ClInclude Include="header\Parser.h">
      <Filter>Header\IO</Filter>
    </ClInclude>
    <ClInclude Include="header\UnitGeo.h">
      <Filter>Header</Filter>
    </ClInclude>
    <ClInclude Include="header\GeoHandle.h">
      <Filter>Header</Filter>
    </ClInclude>
    <ClInclude Include="header\IOUtil.h">
      <Filter>Header</Filter>
    </ClInclude>
    <ClInclude Include="header\PhysicsProp.h">
      <Filter>Header</Filter>
    </ClInclude>
    <ClInclude Include="header\XS.h">
      <Filter>Header</Filter>
    </ClInclude>
  </ItemGroup>
  <ItemGroup>
    <ClCompile Include="source\Main.cpp">
      <Filter>Source</Filter>
    </ClCompile>
    <ClCompile Include="source\TypeDef.cpp">
      <Filter>Source</Filter>
    </ClCompile>
    <ClCompile Include="source\IOUtil.cpp">
      <Filter>Source</Filter>
    </ClCompile>
    <ClCompile Include="source\Input.cpp">
      <Filter>Source\IO</Filter>
    </ClCompile>
    <ClCompile Include="source\Parser.cpp">
      <Filter>Source\IO</Filter>
    </ClCompile>
    <ClCompile Include="source\UnitGeo.cpp">
      <Filter>Source</Filter>
    </ClCompile>
    <ClCompile Include="source\GeoHandle.cpp">
      <Filter>Source</Filter>
    </ClCompile>
    <ClCompile Include="source\PhysicsProp.cpp">
      <Filter>Source</Filter>
    </ClCompile>
  </ItemGroup>
</Project>