<?xml version="1.0" encoding="utf-8"?>
<Project ToolsVersion="4.0" xmlns="http://schemas.microsoft.com/developer/msbuild/2003">
  <ItemGroup>
    <Filter Include="Header">
      <UniqueIdentifier>{3dfe53db-1762-4cde-8f39-3bc9fab51a1e}</UniqueIdentifier>
    </Filter>
    <Filter Include="Source">
      <UniqueIdentifier>{4c919c61-3736-44ab-a6e6-0b89595c22e1}</UniqueIdentifier>
    </Filter>
    <Filter Include="Header\IO">
      <UniqueIdentifier>{f190bdfb-cb82-43a7-a0dd-64bb24341aec}</UniqueIdentifier>
    </Filter>
    <Filter Include="Source\IO">
      <UniqueIdentifier>{89589912-1a58-491b-8fe1-cf5372df7183}</UniqueIdentifier>
    </Filter>
    <Filter Include="Header\Geometry">
      <UniqueIdentifier>{279fec6b-858e-477a-a785-2504c6f80e81}</UniqueIdentifier>
    </Filter>
    <Filter Include="Source\Geometry">
      <UniqueIdentifier>{0dcafbcb-6037-4c91-bb6a-dd3f828ad9ee}</UniqueIdentifier>
    </Filter>
    <Filter Include="Header\LinPack">
      <UniqueIdentifier>{627e7751-ca39-4efa-b1f7-87d33fd24f31}</UniqueIdentifier>
    </Filter>
    <Filter Include="Header\Exception">
      <UniqueIdentifier>{a0eddbba-af5a-429b-ad52-22729bdcface}</UniqueIdentifier>
    </Filter>
    <Filter Include="Cuda">
      <UniqueIdentifier>{7adcb616-d27f-4609-8c08-c8de71b6158c}</UniqueIdentifier>
    </Filter>
    <Filter Include="Cuda\LinPack">
      <UniqueIdentifier>{670e4a28-b212-47b8-a14f-b7dd95cf5ef2}</UniqueIdentifier>
    </Filter>
    <Filter Include="Header\MPI">
      <UniqueIdentifier>{0aa38fac-04a2-4f59-85a3-10f6a4fe1c58}</UniqueIdentifier>
    </Filter>
  </ItemGroup>
  <ItemGroup>
    <ClInclude Include="header\HardCodeParam.h">
      <Filter>Header</Filter>
    </ClInclude>
    <ClInclude Include="header\Defines.h">
      <Filter>Header</Filter>
    </ClInclude>
    <ClInclude Include="header\Input.h">
      <Filter>Header\IO</Filter>
    </ClInclude>
    <ClInclude Include="header\IODeclare.h">
      <Filter>Header\IO</Filter>
    </ClInclude>
    <ClInclude Include="header\Preprocessor.h">
      <Filter>Header\IO</Filter>
    </ClInclude>
    <ClInclude Include="header\Parser.h">
      <Filter>Header\IO</Filter>
    </ClInclude>
    <ClInclude Include="header\PhysicsProp.h">
      <Filter>Header</Filter>
    </ClInclude>
    <ClInclude Include="header\XS.h">
      <Filter>Header</Filter>
    </ClInclude>
    <ClInclude Include="header\GeoHandle.h">
      <Filter>Header\Geometry</Filter>
    </ClInclude>
    <ClInclude Include="header\UnitGeo.h">
      <Filter>Header\Geometry</Filter>
    </ClInclude>
    <ClInclude Include="header\Geometry.h">
      <Filter>Header\Geometry</Filter>
    </ClInclude>
    <ClInclude Include="header\IOUtil.h">
      <Filter>Header\IO</Filter>
    </ClInclude>
    <ClInclude Include="header\IOExcept.h">
      <Filter>Header\Exception</Filter>
    </ClInclude>
    <ClInclude Include="header\CUDAExcept.h">
      <Filter>Header\Exception</Filter>
    </ClInclude>
    <ClInclude Include="header\Card.h">
      <Filter>Header\IO</Filter>
    </ClInclude>
    <ClInclude Include="header\Array.h">
      <Filter>Header\LinPack</Filter>
    </ClInclude>
    <ClInclude Include="header\Array.hpp">
      <Filter>Header\LinPack</Filter>
    </ClInclude>
    <ClInclude Include="header\MPIBind.h">
      <Filter>Header\MPI</Filter>
    </ClInclude>
  </ItemGroup>
  <ItemGroup>
    <ClCompile Include="source\Input.cpp">
      <Filter>Source\IO</Filter>
    </ClCompile>
    <ClCompile Include="source\IOUtil.cpp">
      <Filter>Source\IO</Filter>
    </ClCompile>
    <ClCompile Include="source\Preprocessor.cpp">
      <Filter>Source\IO</Filter>
    </ClCompile>
    <ClCompile Include="source\Parser.cpp">
      <Filter>Source\IO</Filter>
    </ClCompile>
    <ClCompile Include="source\PhysicsProp.cpp">
      <Filter>Source</Filter>
    </ClCompile>
    <ClCompile Include="source\IOUtil.cpp">
      <Filter>Source\IO</Filter>
    </ClCompile>
    <ClCompile Include="source\GeoHandle.cpp">
      <Filter>Source\Geometry</Filter>
    </ClCompile>
    <ClCompile Include="source\UnitGeo.cpp">
      <Filter>Source\Geometry</Filter>
    </ClCompile>
    <ClCompile Include="source\Geometry.cpp">
      <Filter>Source\Geometry</Filter>
    </ClCompile>
    <ClCompile Include="source\Main.cpp">
      <Filter>Source</Filter>
    </ClCompile>
  </ItemGroup>
  <ItemGroup>
    <CudaCompile Include="cuda\Array.cu">
      <Filter>Cuda\LinPack</Filter>
    </CudaCompile>
  </ItemGroup>
</Project>