<?xml version="1.0" encoding="utf-8"?>
<Project ToolsVersion="4.0" xmlns="http://schemas.microsoft.com/developer/msbuild/2003">
  <ItemGroup>
    <Filter Include="Header">
      <UniqueIdentifier>{3dfe53db-1762-4cde-8f39-3bc9fab51a1e}</UniqueIdentifier>
    </Filter>
    <Filter Include="Source">
      <UniqueIdentifier>{4c919c61-3736-44ab-a6e6-0b89595c22e1}</UniqueIdentifier>
    </Filter>
    <Filter Include="Header\IO">
      <UniqueIdentifier>{f190bdfb-cb82-43a7-a0dd-64bb24341aec}</UniqueIdentifier>
    </Filter>
    <Filter Include="Source\IO">
      <UniqueIdentifier>{89589912-1a58-491b-8fe1-cf5372df7183}</UniqueIdentifier>
    </Filter>
    <Filter Include="Header\Geometry">
      <UniqueIdentifier>{279fec6b-858e-477a-a785-2504c6f80e81}</UniqueIdentifier>
    </Filter>
    <Filter Include="Source\Geometry">
      <UniqueIdentifier>{0dcafbcb-6037-4c91-bb6a-dd3f828ad9ee}</UniqueIdentifier>
    </Filter>
    <Filter Include="Header\LinPack">
      <UniqueIdentifier>{627e7751-ca39-4efa-b1f7-87d33fd24f31}</UniqueIdentifier>
    </Filter>
    <Filter Include="Header\Exception">
      <UniqueIdentifier>{a0eddbba-af5a-429b-ad52-22729bdcface}</UniqueIdentifier>
    </Filter>
    <Filter Include="Header\MPI">
      <UniqueIdentifier>{0aa38fac-04a2-4f59-85a3-10f6a4fe1c58}</UniqueIdentifier>
    </Filter>
    <Filter Include="Header\OMP">
      <UniqueIdentifier>{58cf01f8-7d1c-462e-bdfa-49703228f796}</UniqueIdentifier>
    </Filter>
    <Filter Include="Source\PhysicalProperty">
      <UniqueIdentifier>{556b7802-6d0b-45fe-8fa2-0d599171471e}</UniqueIdentifier>
    </Filter>
    <Filter Include="Header\PhysicalProperty">
      <UniqueIdentifier>{72a53ef9-498d-486f-9839-ddf4f2153738}</UniqueIdentifier>
    </Filter>
    <Filter Include="Header\Transport">
      <UniqueIdentifier>{5446f144-58dd-43e7-bf89-0d0a69303670}</UniqueIdentifier>
    </Filter>
    <Filter Include="Source\Transport">
      <UniqueIdentifier>{111dc5da-44a7-482f-be84-7c6c732a8b64}</UniqueIdentifier>
    </Filter>
    <Filter Include="Header\TypeTraits">
      <UniqueIdentifier>{dc519317-4a61-4e49-b229-ab7708eaf6ff}</UniqueIdentifier>
    </Filter>
    <Filter Include="Header\Library">
      <UniqueIdentifier>{a13ef943-3fa7-4573-87d4-ee4863844db3}</UniqueIdentifier>
    </Filter>
    <Filter Include="Source\Library">
      <UniqueIdentifier>{366d1306-0946-401f-a6eb-c086689abe98}</UniqueIdentifier>
    </Filter>
  </ItemGroup>
  <ItemGroup>
    <ClInclude Include="header\HardCodeParam.h">
      <Filter>Header</Filter>
    </ClInclude>
    <ClInclude Include="header\Defines.h">
      <Filter>Header</Filter>
    </ClInclude>
    <ClInclude Include="header\Input.h">
      <Filter>Header\IO</Filter>
    </ClInclude>
    <ClInclude Include="header\IODeclare.h">
      <Filter>Header\IO</Filter>
    </ClInclude>
    <ClInclude Include="header\Preprocessor.h">
      <Filter>Header\IO</Filter>
    </ClInclude>
    <ClInclude Include="header\Parser.h">
      <Filter>Header\IO</Filter>
    </ClInclude>
    <ClInclude Include="header\GeoHandle.h">
      <Filter>Header\Geometry</Filter>
    </ClInclude>
    <ClInclude Include="header\UnitGeo.h">
      <Filter>Header\Geometry</Filter>
    </ClInclude>
    <ClInclude Include="header\Geometry.h">
      <Filter>Header\Geometry</Filter>
    </ClInclude>
    <ClInclude Include="header\IOUtil.h">
      <Filter>Header\IO</Filter>
    </ClInclude>
    <ClInclude Include="header\IOExcept.h">
      <Filter>Header\Exception</Filter>
    </ClInclude>
    <ClInclude Include="header\CUDAExcept.h">
      <Filter>Header\Exception</Filter>
    </ClInclude>
    <ClInclude Include="header\Card.h">
      <Filter>Header\IO</Filter>
    </ClInclude>
    <ClInclude Include="header\Array.h">
      <Filter>Header\LinPack</Filter>
    </ClInclude>
    <ClInclude Include="header\PhysicalDomain.h">
      <Filter>Header\PhysicalProperty</Filter>
    </ClInclude>
    <ClInclude Include="header\PhysicalComposition.h">
      <Filter>Header\PhysicalProperty</Filter>
    </ClInclude>
    <ClInclude Include="header\ShortCharacteristics.h">
      <Filter>Header\Transport</Filter>
    </ClInclude>
    <ClInclude Include="header\MPI.hpp">
      <Filter>Header\MPI</Filter>
    </ClInclude>
    <ClInclude Include="header\OMP.hpp">
      <Filter>Header\OMP</Filter>
    </ClInclude>
    <ClInclude Include="header\CUDATypeTraits.h">
      <Filter>Header\TypeTraits</Filter>
    </ClInclude>
    <ClInclude Include="header\NuDEAL.h">
      <Filter>Header</Filter>
    </ClInclude>
    <ClInclude Include="header\XSLibrary.h">
      <Filter>Header\Library</Filter>
    </ClInclude>
    <ClInclude Include="header\Library.h">
      <Filter>Header\Library</Filter>
    </ClInclude>
  </ItemGroup>
  <ItemGroup>
    <ClCompile Include="source\Input.cpp">
      <Filter>Source\IO</Filter>
    </ClCompile>
    <ClCompile Include="source\IOUtil.cpp">
      <Filter>Source\IO</Filter>
    </ClCompile>
    <ClCompile Include="source\Preprocessor.cpp">
      <Filter>Source\IO</Filter>
    </ClCompile>
    <ClCompile Include="source\Parser.cpp">
      <Filter>Source\IO</Filter>
    </ClCompile>
    <ClCompile Include="source\IOUtil.cpp">
      <Filter>Source\IO</Filter>
    </ClCompile>
    <ClCompile Include="source\GeoHandle.cpp">
      <Filter>Source\Geometry</Filter>
    </ClCompile>
    <ClCompile Include="source\UnitGeo.cpp">
      <Filter>Source\Geometry</Filter>
    </ClCompile>
    <ClCompile Include="source\Geometry.cpp">
      <Filter>Source\Geometry</Filter>
    </ClCompile>
    <ClCompile Include="source\Main.cpp">
      <Filter>Source</Filter>
    </ClCompile>
    <ClCompile Include="source\PhysicsDomain.cpp">
      <Filter>Source\PhysicalProperty</Filter>
    </ClCompile>
    <ClCompile Include="source\PhysicalComposition.cpp">
      <Filter>Source\PhysicalProperty</Filter>
    </ClCompile>
    <ClCompile Include="source\ShortCharacteristics.cpp">
      <Filter>Source\Transport</Filter>
    </ClCompile>
    <ClCompile Include="source\NuDEAL.cpp">
      <Filter>Source</Filter>
    </ClCompile>
    <ClCompile Include="source\XSLibrary.cpp">
      <Filter>Source\Library</Filter>
    </ClCompile>
  </ItemGroup>
</Project>